{
  "requires": true,
  "lockfileVersion": 1,
  "dependencies": {
    "@mediapipe/pose": {
      "version": "0.3.1621277220",
      "resolved": "https://registry.npmjs.org/@mediapipe/pose/-/pose-0.3.1621277220.tgz",
      "integrity": "sha512-YNM0PhcFXbtnKHl1juH4YVd0HpQaylu3HvdPgg42Mq5P6uAQ05KjL79BGcZGKtE+Fn8pYnMYVH1DG6N2beKsrQ=="
    }
  }
}
